
Microsoft Visual Studio Solution File, Format Version 12.00
# Visual Studio Version 17
VisualStudioVersion = 17.2.32630.192
MinimumVisualStudioVersion = 10.0.40219.1
Project("{FAE04EC0-301F-11D3-BF4B-00C04F79EFBC}") = "Exercise2", "Exercise2\Exercise2.csproj", "{77666A5C-8176-4A76-AAAD-09310818F786}"
EndProject
Global
	GlobalSection(SolutionConfigurationPlatforms) = preSolution
		Debug|Any CPU = Debug|Any CPU
		Release|Any CPU = Release|Any CPU
	EndGlobalSection
	GlobalSection(ProjectConfigurationPlatforms) = postSolution
		{77666A5C-8176-4A76-AAAD-09310818F786}.Debug|Any CPU.ActiveCfg = Debug|Any CPU
		{77666A5C-8176-4A76-AAAD-09310818F786}.Debug|Any CPU.Build.0 = Debug|Any CPU
		{77666A5C-8176-4A76-AAAD-09310818F786}.Release|Any CPU.ActiveCfg = Release|Any CPU
		{77666A5C-8176-4A76-AAAD-09310818F786}.Release|Any CPU.Build.0 = Release|Any CPU
	EndGlobalSection
	GlobalSection(SolutionProperties) = preSolution
		HideSolutionNode = FALSE
	EndGlobalSection
	GlobalSection(ExtensibilityGlobals) = postSolution
		SolutionGuid = {83CDEB49-0465-4A52-A083-0571EA412B24}
	EndGlobalSection
EndGlobal
